
Microsoft Visual Studio Solution File, Format Version 12.00
# Visual Studio Version 17
VisualStudioVersion = 17.0.32112.339
MinimumVisualStudioVersion = 10.0.40219.1
Project("{FAE04EC0-301F-11D3-BF4B-00C04F79EFBC}") = "ToDoList", "ToDoList.csproj", "{7C89203C-8C3D-47F0-B587-45A12C6C2611}"
EndProject
Global
	GlobalSection(SolutionConfigurationPlatforms) = preSolution
		Debug|Any CPU = Debug|Any CPU
		Release|Any CPU = Release|Any CPU
	EndGlobalSection
	GlobalSection(ProjectConfigurationPlatforms) = postSolution
		{7C89203C-8C3D-47F0-B587-45A12C6C2611}.Debug|Any CPU.ActiveCfg = Debug|Any CPU
		{7C89203C-8C3D-47F0-B587-45A12C6C2611}.Debug|Any CPU.Build.0 = Debug|Any CPU
		{7C89203C-8C3D-47F0-B587-45A12C6C2611}.Release|Any CPU.ActiveCfg = Release|Any CPU
		{7C89203C-8C3D-47F0-B587-45A12C6C2611}.Release|Any CPU.Build.0 = Release|Any CPU
	EndGlobalSection
	GlobalSection(SolutionProperties) = preSolution
		HideSolutionNode = FALSE
	EndGlobalSection
	GlobalSection(ExtensibilityGlobals) = postSolution
		SolutionGuid = {9301729E-5D0B-4382-9ADC-3305655ADDF6}
	EndGlobalSection
EndGlobal
